
Microsoft Visual Studio Solution File, Format Version 12.00
# Visual Studio Version 16
VisualStudioVersion = 16.0.28922.388
MinimumVisualStudioVersion = 10.0.40219.1
Project("{FAE04EC0-301F-11D3-BF4B-00C04F79EFBC}") = "Constructors", "Constructors.csproj", "{A90D2F60-F154-4F20-B9FF-1EEE4897AC01}"
EndProject
Global
	GlobalSection(SolutionConfigurationPlatforms) = preSolution
		Debug|Any CPU = Debug|Any CPU
		Release|Any CPU = Release|Any CPU
	EndGlobalSection
	GlobalSection(ProjectConfigurationPlatforms) = postSolution
		{A90D2F60-F154-4F20-B9FF-1EEE4897AC01}.Debug|Any CPU.ActiveCfg = Debug|Any CPU
		{A90D2F60-F154-4F20-B9FF-1EEE4897AC01}.Debug|Any CPU.Build.0 = Debug|Any CPU
		{A90D2F60-F154-4F20-B9FF-1EEE4897AC01}.Release|Any CPU.ActiveCfg = Release|Any CPU
		{A90D2F60-F154-4F20-B9FF-1EEE4897AC01}.Release|Any CPU.Build.0 = Release|Any CPU
	EndGlobalSection
	GlobalSection(SolutionProperties) = preSolution
		HideSolutionNode = FALSE
	EndGlobalSection
	GlobalSection(ExtensibilityGlobals) = postSolution
		SolutionGuid = {40BE2E1A-B176-4200-931F-BDCF63DDC0E7}
	EndGlobalSection
EndGlobal
