
Microsoft Visual Studio Solution File, Format Version 12.00
# Visual Studio Version 16
VisualStudioVersion = 16.0.28917.181
MinimumVisualStudioVersion = 10.0.40219.1
Project("{FAE04EC0-301F-11D3-BF4B-00C04F79EFBC}") = "Hellooo World", "Hellooo World.csproj", "{AF9027EF-101A-4B7A-A4B3-60A40109790F}"
EndProject
Global
	GlobalSection(SolutionConfigurationPlatforms) = preSolution
		Debug|Any CPU = Debug|Any CPU
		Release|Any CPU = Release|Any CPU
	EndGlobalSection
	GlobalSection(ProjectConfigurationPlatforms) = postSolution
		{AF9027EF-101A-4B7A-A4B3-60A40109790F}.Debug|Any CPU.ActiveCfg = Debug|Any CPU
		{AF9027EF-101A-4B7A-A4B3-60A40109790F}.Debug|Any CPU.Build.0 = Debug|Any CPU
		{AF9027EF-101A-4B7A-A4B3-60A40109790F}.Release|Any CPU.ActiveCfg = Release|Any CPU
		{AF9027EF-101A-4B7A-A4B3-60A40109790F}.Release|Any CPU.Build.0 = Release|Any CPU
	EndGlobalSection
	GlobalSection(SolutionProperties) = preSolution
		HideSolutionNode = FALSE
	EndGlobalSection
	GlobalSection(ExtensibilityGlobals) = postSolution
		SolutionGuid = {278AB084-42EF-40DF-88CF-B644AFB32C80}
	EndGlobalSection
EndGlobal
