
Microsoft Visual Studio Solution File, Format Version 12.00
# Visual Studio Version 16
VisualStudioVersion = 16.0.28922.388
MinimumVisualStudioVersion = 10.0.40219.1
Project("{FAE04EC0-301F-11D3-BF4B-00C04F79EFBC}") = "Properties", "Properties.csproj", "{CB58A925-B934-4971-866E-449ABA43F8AF}"
EndProject
Global
	GlobalSection(SolutionConfigurationPlatforms) = preSolution
		Debug|Any CPU = Debug|Any CPU
		Release|Any CPU = Release|Any CPU
	EndGlobalSection
	GlobalSection(ProjectConfigurationPlatforms) = postSolution
		{CB58A925-B934-4971-866E-449ABA43F8AF}.Debug|Any CPU.ActiveCfg = Debug|Any CPU
		{CB58A925-B934-4971-866E-449ABA43F8AF}.Debug|Any CPU.Build.0 = Debug|Any CPU
		{CB58A925-B934-4971-866E-449ABA43F8AF}.Release|Any CPU.ActiveCfg = Release|Any CPU
		{CB58A925-B934-4971-866E-449ABA43F8AF}.Release|Any CPU.Build.0 = Release|Any CPU
	EndGlobalSection
	GlobalSection(SolutionProperties) = preSolution
		HideSolutionNode = FALSE
	EndGlobalSection
	GlobalSection(ExtensibilityGlobals) = postSolution
		SolutionGuid = {90725BA2-7707-41F8-94A0-6287C949760F}
	EndGlobalSection
EndGlobal
