
Microsoft Visual Studio Solution File, Format Version 12.00
# Visual Studio Version 16
VisualStudioVersion = 16.0.28922.388
MinimumVisualStudioVersion = 10.0.40219.1
Project("{FAE04EC0-301F-11D3-BF4B-00C04F79EFBC}") = "Indexers", "Indexers.csproj", "{7CE41ACD-CC10-42E5-8D72-D60810F14877}"
EndProject
Global
	GlobalSection(SolutionConfigurationPlatforms) = preSolution
		Debug|Any CPU = Debug|Any CPU
		Release|Any CPU = Release|Any CPU
	EndGlobalSection
	GlobalSection(ProjectConfigurationPlatforms) = postSolution
		{7CE41ACD-CC10-42E5-8D72-D60810F14877}.Debug|Any CPU.ActiveCfg = Debug|Any CPU
		{7CE41ACD-CC10-42E5-8D72-D60810F14877}.Debug|Any CPU.Build.0 = Debug|Any CPU
		{7CE41ACD-CC10-42E5-8D72-D60810F14877}.Release|Any CPU.ActiveCfg = Release|Any CPU
		{7CE41ACD-CC10-42E5-8D72-D60810F14877}.Release|Any CPU.Build.0 = Release|Any CPU
	EndGlobalSection
	GlobalSection(SolutionProperties) = preSolution
		HideSolutionNode = FALSE
	EndGlobalSection
	GlobalSection(ExtensibilityGlobals) = postSolution
		SolutionGuid = {BF4ECD7A-9342-401A-9A82-C27DC7644D53}
	EndGlobalSection
EndGlobal
